
Microsoft Visual Studio Solution File, Format Version 12.00
# Visual Studio Version 17
VisualStudioVersion = 17.5.33530.505
MinimumVisualStudioVersion = 10.0.40219.1
Project("{9A19103F-16F7-4668-BE54-9A1E7A4F7556}") = "MediaTranslator", "MediaTranslator\MediaTranslator.csproj", "{D5C894AC-A17D-4575-87E8-1CAAED77D524}"
EndProject
Global
	GlobalSection(SolutionConfigurationPlatforms) = preSolution
		Debug|Any CPU = Debug|Any CPU
		Release|Any CPU = Release|Any CPU
	EndGlobalSection
	GlobalSection(ProjectConfigurationPlatforms) = postSolution
		{D5C894AC-A17D-4575-87E8-1CAAED77D524}.Debug|Any CPU.ActiveCfg = Release|Any CPU
		{D5C894AC-A17D-4575-87E8-1CAAED77D524}.Debug|Any CPU.Build.0 = Release|Any CPU
		{D5C894AC-A17D-4575-87E8-1CAAED77D524}.Release|Any CPU.ActiveCfg = Release|Any CPU
		{D5C894AC-A17D-4575-87E8-1CAAED77D524}.Release|Any CPU.Build.0 = Release|Any CPU
	EndGlobalSection
	GlobalSection(SolutionProperties) = preSolution
		HideSolutionNode = FALSE
	EndGlobalSection
	GlobalSection(ExtensibilityGlobals) = postSolution
		SolutionGuid = {EBC42393-CEF7-4961-9864-CCCE84A2C5A7}
	EndGlobalSection
EndGlobal
